
Microsoft Visual Studio Solution File, Format Version 12.00
# Visual Studio 15
VisualStudioVersion = 15.0.28307.539
MinimumVisualStudioVersion = 10.0.40219.1
Project("{FAE04EC0-301F-11D3-BF4B-00C04F79EFBC}") = "GUI", "GUI\GUI.csproj", "{5793A44E-9AF1-4063-9BED-5577D9D0AF52}"
EndProject
Project("{FAE04EC0-301F-11D3-BF4B-00C04F79EFBC}") = "DTO", "DTO\DTO.csproj", "{4BC08365-23F1-467A-9C0A-AB68D5BB89CF}"
EndProject
Project("{FAE04EC0-301F-11D3-BF4B-00C04F79EFBC}") = "DAO", "DAO\DAO.csproj", "{3F9DF791-DF4E-49A2-B07F-64A998CAFDE3}"
EndProject
Project("{FAE04EC0-301F-11D3-BF4B-00C04F79EFBC}") = "BUS", "ClassLibrary1\BUS.csproj", "{FC16579A-8592-4AE4-BFF5-ABCE6C085ED4}"
EndProject
Global
	GlobalSection(SolutionConfigurationPlatforms) = preSolution
		Debug|Any CPU = Debug|Any CPU
		Debug|ARM = Debug|ARM
		Debug|ARM64 = Debug|ARM64
		Debug|x64 = Debug|x64
		Debug|x86 = Debug|x86
		Release|Any CPU = Release|Any CPU
		Release|ARM = Release|ARM
		Release|ARM64 = Release|ARM64
		Release|x64 = Release|x64
		Release|x86 = Release|x86
	EndGlobalSection
	GlobalSection(ProjectConfigurationPlatforms) = postSolution
		{5793A44E-9AF1-4063-9BED-5577D9D0AF52}.Debug|Any CPU.ActiveCfg = Debug|Any CPU
		{5793A44E-9AF1-4063-9BED-5577D9D0AF52}.Debug|Any CPU.Build.0 = Debug|Any CPU
		{5793A44E-9AF1-4063-9BED-5577D9D0AF52}.Debug|ARM.ActiveCfg = Debug|Any CPU
		{5793A44E-9AF1-4063-9BED-5577D9D0AF52}.Debug|ARM.Build.0 = Debug|Any CPU
		{5793A44E-9AF1-4063-9BED-5577D9D0AF52}.Debug|ARM64.ActiveCfg = Debug|Any CPU
		{5793A44E-9AF1-4063-9BED-5577D9D0AF52}.Debug|ARM64.Build.0 = Debug|Any CPU
		{5793A44E-9AF1-4063-9BED-5577D9D0AF52}.Debug|x64.ActiveCfg = Debug|Any CPU
		{5793A44E-9AF1-4063-9BED-5577D9D0AF52}.Debug|x64.Build.0 = Debug|Any CPU
		{5793A44E-9AF1-4063-9BED-5577D9D0AF52}.Debug|x86.ActiveCfg = Debug|Any CPU
		{5793A44E-9AF1-4063-9BED-5577D9D0AF52}.Debug|x86.Build.0 = Debug|Any CPU
		{5793A44E-9AF1-4063-9BED-5577D9D0AF52}.Release|Any CPU.ActiveCfg = Release|Any CPU
		{5793A44E-9AF1-4063-9BED-5577D9D0AF52}.Release|Any CPU.Build.0 = Release|Any CPU
		{5793A44E-9AF1-4063-9BED-5577D9D0AF52}.Release|ARM.ActiveCfg = Release|Any CPU
		{5793A44E-9AF1-4063-9BED-5577D9D0AF52}.Release|ARM.Build.0 = Release|Any CPU
		{5793A44E-9AF1-4063-9BED-5577D9D0AF52}.Release|ARM64.ActiveCfg = Release|Any CPU
		{5793A44E-9AF1-4063-9BED-5577D9D0AF52}.Release|ARM64.Build.0 = Release|Any CPU
		{5793A44E-9AF1-4063-9BED-5577D9D0AF52}.Release|x64.ActiveCfg = Release|Any CPU
		{5793A44E-9AF1-4063-9BED-5577D9D0AF52}.Release|x64.Build.0 = Release|Any CPU
		{5793A44E-9AF1-4063-9BED-5577D9D0AF52}.Release|x86.ActiveCfg = Release|Any CPU
		{5793A44E-9AF1-4063-9BED-5577D9D0AF52}.Release|x86.Build.0 = Release|Any CPU
		{4BC08365-23F1-467A-9C0A-AB68D5BB89CF}.Debug|Any CPU.ActiveCfg = Debug|Any CPU
		{4BC08365-23F1-467A-9C0A-AB68D5BB89CF}.Debug|Any CPU.Build.0 = Debug|Any CPU
		{4BC08365-23F1-467A-9C0A-AB68D5BB89CF}.Debug|ARM.ActiveCfg = Debug|Any CPU
		{4BC08365-23F1-467A-9C0A-AB68D5BB89CF}.Debug|ARM.Build.0 = Debug|Any CPU
		{4BC08365-23F1-467A-9C0A-AB68D5BB89CF}.Debug|ARM64.ActiveCfg = Debug|Any CPU
		{4BC08365-23F1-467A-9C0A-AB68D5BB89CF}.Debug|ARM64.Build.0 = Debug|Any CPU
		{4BC08365-23F1-467A-9C0A-AB68D5BB89CF}.Debug|x64.ActiveCfg = Debug|Any CPU
		{4BC08365-23F1-467A-9C0A-AB68D5BB89CF}.Debug|x64.Build.0 = Debug|Any CPU
		{4BC08365-23F1-467A-9C0A-AB68D5BB89CF}.Debug|x86.ActiveCfg = Debug|Any CPU
		{4BC08365-23F1-467A-9C0A-AB68D5BB89CF}.Debug|x86.Build.0 = Debug|Any CPU
		{4BC08365-23F1-467A-9C0A-AB68D5BB89CF}.Release|Any CPU.ActiveCfg = Release|Any CPU
		{4BC08365-23F1-467A-9C0A-AB68D5BB89CF}.Release|Any CPU.Build.0 = Release|Any CPU
		{4BC08365-23F1-467A-9C0A-AB68D5BB89CF}.Release|ARM.ActiveCfg = Release|Any CPU
		{4BC08365-23F1-467A-9C0A-AB68D5BB89CF}.Release|ARM.Build.0 = Release|Any CPU
		{4BC08365-23F1-467A-9C0A-AB68D5BB89CF}.Release|ARM64.ActiveCfg = Release|Any CPU
		{4BC08365-23F1-467A-9C0A-AB68D5BB89CF}.Release|ARM64.Build.0 = Release|Any CPU
		{4BC08365-23F1-467A-9C0A-AB68D5BB89CF}.Release|x64.ActiveCfg = Release|Any CPU
		{4BC08365-23F1-467A-9C0A-AB68D5BB89CF}.Release|x64.Build.0 = Release|Any CPU
		{4BC08365-23F1-467A-9C0A-AB68D5BB89CF}.Release|x86.ActiveCfg = Release|Any CPU
		{4BC08365-23F1-467A-9C0A-AB68D5BB89CF}.Release|x86.Build.0 = Release|Any CPU
		{3F9DF791-DF4E-49A2-B07F-64A998CAFDE3}.Debug|Any CPU.ActiveCfg = Debug|Any CPU
		{3F9DF791-DF4E-49A2-B07F-64A998CAFDE3}.Debug|Any CPU.Build.0 = Debug|Any CPU
		{3F9DF791-DF4E-49A2-B07F-64A998CAFDE3}.Debug|ARM.ActiveCfg = Debug|Any CPU
		{3F9DF791-DF4E-49A2-B07F-64A998CAFDE3}.Debug|ARM.Build.0 = Debug|Any CPU
		{3F9DF791-DF4E-49A2-B07F-64A998CAFDE3}.Debug|ARM64.ActiveCfg = Debug|Any CPU
		{3F9DF791-DF4E-49A2-B07F-64A998CAFDE3}.Debug|ARM64.Build.0 = Debug|Any CPU
		{3F9DF791-DF4E-49A2-B07F-64A998CAFDE3}.Debug|x64.ActiveCfg = Debug|Any CPU
		{3F9DF791-DF4E-49A2-B07F-64A998CAFDE3}.Debug|x64.Build.0 = Debug|Any CPU
		{3F9DF791-DF4E-49A2-B07F-64A998CAFDE3}.Debug|x86.ActiveCfg = Debug|Any CPU
		{3F9DF791-DF4E-49A2-B07F-64A998CAFDE3}.Debug|x86.Build.0 = Debug|Any CPU
		{3F9DF791-DF4E-49A2-B07F-64A998CAFDE3}.Release|Any CPU.ActiveCfg = Release|Any CPU
		{3F9DF791-DF4E-49A2-B07F-64A998CAFDE3}.Release|Any CPU.Build.0 = Release|Any CPU
		{3F9DF791-DF4E-49A2-B07F-64A998CAFDE3}.Release|ARM.ActiveCfg = Release|Any CPU
		{3F9DF791-DF4E-49A2-B07F-64A998CAFDE3}.Release|ARM.Build.0 = Release|Any CPU
		{3F9DF791-DF4E-49A2-B07F-64A998CAFDE3}.Release|ARM64.ActiveCfg = Release|Any CPU
		{3F9DF791-DF4E-49A2-B07F-64A998CAFDE3}.Release|ARM64.Build.0 = Release|Any CPU
		{3F9DF791-DF4E-49A2-B07F-64A998CAFDE3}.Release|x64.ActiveCfg = Release|Any CPU
		{3F9DF791-DF4E-49A2-B07F-64A998CAFDE3}.Release|x64.Build.0 = Release|Any CPU
		{3F9DF791-DF4E-49A2-B07F-64A998CAFDE3}.Release|x86.ActiveCfg = Release|Any CPU
		{3F9DF791-DF4E-49A2-B07F-64A998CAFDE3}.Release|x86.Build.0 = Release|Any CPU
		{FC16579A-8592-4AE4-BFF5-ABCE6C085ED4}.Debug|Any CPU.ActiveCfg = Debug|Any CPU
		{FC16579A-8592-4AE4-BFF5-ABCE6C085ED4}.Debug|Any CPU.Build.0 = Debug|Any CPU
		{FC16579A-8592-4AE4-BFF5-ABCE6C085ED4}.Debug|ARM.ActiveCfg = Debug|Any CPU
		{FC16579A-8592-4AE4-BFF5-ABCE6C085ED4}.Debug|ARM.Build.0 = Debug|Any CPU
		{FC16579A-8592-4AE4-BFF5-ABCE6C085ED4}.Debug|ARM64.ActiveCfg = Debug|Any CPU
		{FC16579A-8592-4AE4-BFF5-ABCE6C085ED4}.Debug|ARM64.Build.0 = Debug|Any CPU
		{FC16579A-8592-4AE4-BFF5-ABCE6C085ED4}.Debug|x64.ActiveCfg = Debug|Any CPU
		{FC16579A-8592-4AE4-BFF5-ABCE6C085ED4}.Debug|x64.Build.0 = Debug|Any CPU
		{FC16579A-8592-4AE4-BFF5-ABCE6C085ED4}.Debug|x86.ActiveCfg = Debug|Any CPU
		{FC16579A-8592-4AE4-BFF5-ABCE6C085ED4}.Debug|x86.Build.0 = Debug|Any CPU
		{FC16579A-8592-4AE4-BFF5-ABCE6C085ED4}.Release|Any CPU.ActiveCfg = Release|Any CPU
		{FC16579A-8592-4AE4-BFF5-ABCE6C085ED4}.Release|Any CPU.Build.0 = Release|Any CPU
		{FC16579A-8592-4AE4-BFF5-ABCE6C085ED4}.Release|ARM.ActiveCfg = Release|Any CPU
		{FC16579A-8592-4AE4-BFF5-ABCE6C085ED4}.Release|ARM.Build.0 = Release|Any CPU
		{FC16579A-8592-4AE4-BFF5-ABCE6C085ED4}.Release|ARM64.ActiveCfg = Release|Any CPU
		{FC16579A-8592-4AE4-BFF5-ABCE6C085ED4}.Release|ARM64.Build.0 = Release|Any CPU
		{FC16579A-8592-4AE4-BFF5-ABCE6C085ED4}.Release|x64.ActiveCfg = Release|Any CPU
		{FC16579A-8592-4AE4-BFF5-ABCE6C085ED4}.Release|x64.Build.0 = Release|Any CPU
		{FC16579A-8592-4AE4-BFF5-ABCE6C085ED4}.Release|x86.ActiveCfg = Release|Any CPU
		{FC16579A-8592-4AE4-BFF5-ABCE6C085ED4}.Release|x86.Build.0 = Release|Any CPU
	EndGlobalSection
	GlobalSection(SolutionProperties) = preSolution
		HideSolutionNode = FALSE
	EndGlobalSection
	GlobalSection(ExtensibilityGlobals) = postSolution
		SolutionGuid = {A125B067-B86E-4640-A67D-D1FCFDC07F77}
	EndGlobalSection
EndGlobal
